
Microsoft Visual Studio Solution File, Format Version 12.00
# Visual Studio Version 17
VisualStudioVersion = 17.1.32228.430
MinimumVisualStudioVersion = 10.0.40219.1
Project("{FAE04EC0-301F-11D3-BF4B-00C04F79EFBC}") = "Client", "Player\Client.csproj", "{C8FC233D-CC9B-4079-8409-C79D2495490A}"
EndProject
Project("{FAE04EC0-301F-11D3-BF4B-00C04F79EFBC}") = "Server", "Server\Server.csproj", "{84D7EFF3-82A9-4B24-85B1-C890DD9AE78A}"
EndProject
Project("{D954291E-2A0B-460D-934E-DC6B0785DB48}") = "GameExtensions", "GameExtensions\GameExtensions.shproj", "{D889A2A6-A8D0-4681-9183-21893DA2ACBA}"
EndProject
Global
	GlobalSection(SharedMSBuildProjectFiles) = preSolution
		GameExtensions\GameExtensions.projitems*{84d7eff3-82a9-4b24-85b1-c890dd9ae78a}*SharedItemsImports = 4
		GameExtensions\GameExtensions.projitems*{c8fc233d-cc9b-4079-8409-c79d2495490a}*SharedItemsImports = 4
		GameExtensions\GameExtensions.projitems*{d889a2a6-a8d0-4681-9183-21893da2acba}*SharedItemsImports = 13
	EndGlobalSection
	GlobalSection(SolutionConfigurationPlatforms) = preSolution
		Debug|Any CPU = Debug|Any CPU
		Release|Any CPU = Release|Any CPU
	EndGlobalSection
	GlobalSection(ProjectConfigurationPlatforms) = postSolution
		{C8FC233D-CC9B-4079-8409-C79D2495490A}.Debug|Any CPU.ActiveCfg = Debug|Any CPU
		{C8FC233D-CC9B-4079-8409-C79D2495490A}.Debug|Any CPU.Build.0 = Debug|Any CPU
		{C8FC233D-CC9B-4079-8409-C79D2495490A}.Release|Any CPU.ActiveCfg = Release|Any CPU
		{C8FC233D-CC9B-4079-8409-C79D2495490A}.Release|Any CPU.Build.0 = Release|Any CPU
		{84D7EFF3-82A9-4B24-85B1-C890DD9AE78A}.Debug|Any CPU.ActiveCfg = Debug|Any CPU
		{84D7EFF3-82A9-4B24-85B1-C890DD9AE78A}.Debug|Any CPU.Build.0 = Debug|Any CPU
		{84D7EFF3-82A9-4B24-85B1-C890DD9AE78A}.Release|Any CPU.ActiveCfg = Release|Any CPU
		{84D7EFF3-82A9-4B24-85B1-C890DD9AE78A}.Release|Any CPU.Build.0 = Release|Any CPU
	EndGlobalSection
	GlobalSection(SolutionProperties) = preSolution
		HideSolutionNode = FALSE
	EndGlobalSection
	GlobalSection(ExtensibilityGlobals) = postSolution
		SolutionGuid = {187ED0FC-A594-4045-B788-8202C5D0D70C}
	EndGlobalSection
EndGlobal
